// !$*UTF8*$!
{
	archiveVersion = 1;
	classes = {
	};
	objectVersion = 46;
	objects = {

/* Begin PBXBuildFile section */
		46DFEB2A6B2637D6C40C7AE9 /* Pods_Kaver.framework in Frameworks */ = {isa = PBXBuildFile; fileRef = 232FD78E8E1C207BF68FA8F0 /* Pods_Kaver.framework */; };
		9A2C58B61E6F1FDC002652F4 /* ProductList.swift in Sources */ = {isa = PBXBuildFile; fileRef = 9A2C58B51E6F1FDC002652F4 /* ProductList.swift */; };
		9A78FFA71E69D715006FEA11 /* AppDelegate.swift in Sources */ = {isa = PBXBuildFile; fileRef = 9A78FFA61E69D715006FEA11 /* AppDelegate.swift */; };
		9A78FFAE1E69D715006FEA11 /* Assets.xcassets in Resources */ = {isa = PBXBuildFile; fileRef = 9A78FFAD1E69D715006FEA11 /* Assets.xcassets */; };
		9A78FFB11E69D715006FEA11 /* LaunchScreen.storyboard in Resources */ = {isa = PBXBuildFile; fileRef = 9A78FFAF1E69D715006FEA11 /* LaunchScreen.storyboard */; };
		9A78FFBC1E69D871006FEA11 /* ExtendedTextField.swift in Sources */ = {isa = PBXBuildFile; fileRef = 9A78FFBB1E69D871006FEA11 /* ExtendedTextField.swift */; };
		9A78FFC01E69D8A9006FEA11 /* Extensions.swift in Sources */ = {isa = PBXBuildFile; fileRef = 9A78FFBF1E69D8A9006FEA11 /* Extensions.swift */; };
		9A78FFC21E69D921006FEA11 /* Constants.swift in Sources */ = {isa = PBXBuildFile; fileRef = 9A78FFC11E69D921006FEA11 /* Constants.swift */; };
		9A78FFC41E69D92C006FEA11 /* Network.swift in Sources */ = {isa = PBXBuildFile; fileRef = 9A78FFC31E69D92C006FEA11 /* Network.swift */; };
		9A78FFC61E69D935006FEA11 /* ErrorHandler.swift in Sources */ = {isa = PBXBuildFile; fileRef = 9A78FFC51E69D935006FEA11 /* ErrorHandler.swift */; };
		9A78FFC81E69D93C006FEA11 /* Configuration.swift in Sources */ = {isa = PBXBuildFile; fileRef = 9A78FFC71E69D93C006FEA11 /* Configuration.swift */; };
		9A78FFCA1E69D943006FEA11 /* Initializers.swift in Sources */ = {isa = PBXBuildFile; fileRef = 9A78FFC91E69D943006FEA11 /* Initializers.swift */; };
		9A78FFCC1E69D949006FEA11 /* FlowManager.swift in Sources */ = {isa = PBXBuildFile; fileRef = 9A78FFCB1E69D949006FEA11 /* FlowManager.swift */; };
		9A78FFCF1E69D9D8006FEA11 /* LoginViewController.swift in Sources */ = {isa = PBXBuildFile; fileRef = 9A78FFCE1E69D9D8006FEA11 /* LoginViewController.swift */; };
		9A78FFD11E69DA40006FEA11 /* UserModel.swift in Sources */ = {isa = PBXBuildFile; fileRef = 9A78FFD01E69DA40006FEA11 /* UserModel.swift */; };
		9A78FFD31E69DAB3006FEA11 /* ExtendedNavigationController.swift in Sources */ = {isa = PBXBuildFile; fileRef = 9A78FFD21E69DAB3006FEA11 /* ExtendedNavigationController.swift */; };
		9A78FFD51E69DBCF006FEA11 /* MainViewController.swift in Sources */ = {isa = PBXBuildFile; fileRef = 9A78FFD41E69DBCF006FEA11 /* MainViewController.swift */; };
		9A78FFD71E69F17B006FEA11 /* BasicTableViewCell.swift in Sources */ = {isa = PBXBuildFile; fileRef = 9A78FFD61E69F17B006FEA11 /* BasicTableViewCell.swift */; };
		9A78FFD91E69F481006FEA11 /* ProductModel.swift in Sources */ = {isa = PBXBuildFile; fileRef = 9A78FFD81E69F481006FEA11 /* ProductModel.swift */; };
/* End PBXBuildFile section */

/* Begin PBXFileReference section */
		232FD78E8E1C207BF68FA8F0 /* Pods_Kaver.framework */ = {isa = PBXFileReference; explicitFileType = wrapper.framework; includeInIndex = 0; path = Pods_Kaver.framework; sourceTree = BUILT_PRODUCTS_DIR; };
		2D11913C4E76AEE249998166 /* Pods-Kaver.debug.xcconfig */ = {isa = PBXFileReference; includeInIndex = 1; lastKnownFileType = text.xcconfig; name = "Pods-Kaver.debug.xcconfig"; path = "Pods/Target Support Files/Pods-Kaver/Pods-Kaver.debug.xcconfig"; sourceTree = "<group>"; };
		9A2C58B51E6F1FDC002652F4 /* ProductList.swift */ = {isa = PBXFileReference; fileEncoding = 4; lastKnownFileType = sourcecode.swift; path = ProductList.swift; sourceTree = "<group>"; };
		9A78FFA31E69D715006FEA11 /* Kaver.app */ = {isa = PBXFileReference; explicitFileType = wrapper.application; includeInIndex = 0; path = Kaver.app; sourceTree = BUILT_PRODUCTS_DIR; };
		9A78FFA61E69D715006FEA11 /* AppDelegate.swift */ = {isa = PBXFileReference; lastKnownFileType = sourcecode.swift; path = AppDelegate.swift; sourceTree = "<group>"; };
		9A78FFAD1E69D715006FEA11 /* Assets.xcassets */ = {isa = PBXFileReference; lastKnownFileType = folder.assetcatalog; name = Assets.xcassets; path = Kaver/Assets.xcassets; sourceTree = "<group>"; };
		9A78FFB01E69D715006FEA11 /* Base */ = {isa = PBXFileReference; lastKnownFileType = file.storyboard; name = Base; path = Base.lproj/LaunchScreen.storyboard; sourceTree = "<group>"; };
		9A78FFB21E69D715006FEA11 /* Info.plist */ = {isa = PBXFileReference; lastKnownFileType = text.plist.xml; name = Info.plist; path = Kaver/Info.plist; sourceTree = "<group>"; };
		9A78FFBB1E69D871006FEA11 /* ExtendedTextField.swift */ = {isa = PBXFileReference; fileEncoding = 4; lastKnownFileType = sourcecode.swift; path = ExtendedTextField.swift; sourceTree = "<group>"; };
		9A78FFBF1E69D8A9006FEA11 /* Extensions.swift */ = {isa = PBXFileReference; fileEncoding = 4; lastKnownFileType = sourcecode.swift; path = Extensions.swift; sourceTree = "<group>"; };
		9A78FFC11E69D921006FEA11 /* Constants.swift */ = {isa = PBXFileReference; fileEncoding = 4; lastKnownFileType = sourcecode.swift; path = Constants.swift; sourceTree = "<group>"; };
		9A78FFC31E69D92C006FEA11 /* Network.swift */ = {isa = PBXFileReference; fileEncoding = 4; lastKnownFileType = sourcecode.swift; path = Network.swift; sourceTree = "<group>"; };
		9A78FFC51E69D935006FEA11 /* ErrorHandler.swift */ = {isa = PBXFileReference; fileEncoding = 4; lastKnownFileType = sourcecode.swift; path = ErrorHandler.swift; sourceTree = "<group>"; };
		9A78FFC71E69D93C006FEA11 /* Configuration.swift */ = {isa = PBXFileReference; fileEncoding = 4; lastKnownFileType = sourcecode.swift; path = Configuration.swift; sourceTree = "<group>"; };
		9A78FFC91E69D943006FEA11 /* Initializers.swift */ = {isa = PBXFileReference; fileEncoding = 4; lastKnownFileType = sourcecode.swift; path = Initializers.swift; sourceTree = "<group>"; };
		9A78FFCB1E69D949006FEA11 /* FlowManager.swift */ = {isa = PBXFileReference; fileEncoding = 4; lastKnownFileType = sourcecode.swift; path = FlowManager.swift; sourceTree = "<group>"; };
		9A78FFCE1E69D9D8006FEA11 /* LoginViewController.swift */ = {isa = PBXFileReference; fileEncoding = 4; lastKnownFileType = sourcecode.swift; path = LoginViewController.swift; sourceTree = "<group>"; };
		9A78FFD01E69DA40006FEA11 /* UserModel.swift */ = {isa = PBXFileReference; fileEncoding = 4; lastKnownFileType = sourcecode.swift; path = UserModel.swift; sourceTree = "<group>"; };
		9A78FFD21E69DAB3006FEA11 /* ExtendedNavigationController.swift */ = {isa = PBXFileReference; fileEncoding = 4; lastKnownFileType = sourcecode.swift; path = ExtendedNavigationController.swift; sourceTree = "<group>"; };
		9A78FFD41E69DBCF006FEA11 /* MainViewController.swift */ = {isa = PBXFileReference; fileEncoding = 4; lastKnownFileType = sourcecode.swift; path = MainViewController.swift; sourceTree = "<group>"; };
		9A78FFD61E69F17B006FEA11 /* BasicTableViewCell.swift */ = {isa = PBXFileReference; fileEncoding = 4; lastKnownFileType = sourcecode.swift; path = BasicTableViewCell.swift; sourceTree = "<group>"; };
		9A78FFD81E69F481006FEA11 /* ProductModel.swift */ = {isa = PBXFileReference; fileEncoding = 4; lastKnownFileType = sourcecode.swift; path = ProductModel.swift; sourceTree = "<group>"; };
		DE85D5C9799620C82CB51E6F /* Pods-Kaver.release.xcconfig */ = {isa = PBXFileReference; includeInIndex = 1; lastKnownFileType = text.xcconfig; name = "Pods-Kaver.release.xcconfig"; path = "Pods/Target Support Files/Pods-Kaver/Pods-Kaver.release.xcconfig"; sourceTree = "<group>"; };
/* End PBXFileReference section */

/* Begin PBXFrameworksBuildPhase section */
		9A78FFA01E69D715006FEA11 /* Frameworks */ = {
			isa = PBXFrameworksBuildPhase;
			buildActionMask = 2147483647;
			files = (
				46DFEB2A6B2637D6C40C7AE9 /* Pods_Kaver.framework in Frameworks */,
			);
			runOnlyForDeploymentPostprocessing = 0;
		};
/* End PBXFrameworksBuildPhase section */

/* Begin PBXGroup section */
		5BFED060FD3F4370372E8A74 /* Frameworks */ = {
			isa = PBXGroup;
			children = (
				232FD78E8E1C207BF68FA8F0 /* Pods_Kaver.framework */,
			);
			name = Frameworks;
			sourceTree = "<group>";
		};
		9A78FF9A1E69D715006FEA11 = {
			isa = PBXGroup;
			children = (
				9A78FFA51E69D715006FEA11 /* Kaver */,
				9A78FFA41E69D715006FEA11 /* Products */,
				F0482A3E0FCC37EA6182AA3A /* Pods */,
				5BFED060FD3F4370372E8A74 /* Frameworks */,
			);
			sourceTree = "<group>";
		};
		9A78FFA41E69D715006FEA11 /* Products */ = {
			isa = PBXGroup;
			children = (
				9A78FFA31E69D715006FEA11 /* Kaver.app */,
			);
			name = Products;
			sourceTree = "<group>";
		};
		9A78FFA51E69D715006FEA11 /* Kaver */ = {
			isa = PBXGroup;
			children = (
				9A78FFCD1E69D9CE006FEA11 /* Login */,
				9A78FFB81E69D78A006FEA11 /* Resources */,
				9A78FFBA1E69D804006FEA11 /* Base Class */,
				9A78FFB91E69D800006FEA11 /* Config */,
			);
			path = Kaver;
			sourceTree = "<group>";
		};
		9A78FFB81E69D78A006FEA11 /* Resources */ = {
			isa = PBXGroup;
			children = (
				9A78FFAD1E69D715006FEA11 /* Assets.xcassets */,
				9A78FFAF1E69D715006FEA11 /* LaunchScreen.storyboard */,
				9A78FFB21E69D715006FEA11 /* Info.plist */,
			);
			name = Resources;
			path = ..;
			sourceTree = "<group>";
		};
		9A78FFB91E69D800006FEA11 /* Config */ = {
			isa = PBXGroup;
			children = (
				9A78FFA61E69D715006FEA11 /* AppDelegate.swift */,
				9A78FFBF1E69D8A9006FEA11 /* Extensions.swift */,
				9A78FFC11E69D921006FEA11 /* Constants.swift */,
				9A78FFC31E69D92C006FEA11 /* Network.swift */,
				9A78FFC51E69D935006FEA11 /* ErrorHandler.swift */,
				9A78FFC71E69D93C006FEA11 /* Configuration.swift */,
				9A78FFC91E69D943006FEA11 /* Initializers.swift */,
				9A78FFCB1E69D949006FEA11 /* FlowManager.swift */,
			);
			name = Config;
			sourceTree = "<group>";
		};
		9A78FFBA1E69D804006FEA11 /* Base Class */ = {
			isa = PBXGroup;
			children = (
				9A78FFD81E69F481006FEA11 /* ProductModel.swift */,
				9A78FFD01E69DA40006FEA11 /* UserModel.swift */,
				9A78FFBB1E69D871006FEA11 /* ExtendedTextField.swift */,
				9A78FFD21E69DAB3006FEA11 /* ExtendedNavigationController.swift */,
				9A2C58B51E6F1FDC002652F4 /* ProductList.swift */,
			);
			name = "Base Class";
			sourceTree = "<group>";
		};
		9A78FFCD1E69D9CE006FEA11 /* Login */ = {
			isa = PBXGroup;
			children = (
				9A78FFCE1E69D9D8006FEA11 /* LoginViewController.swift */,
				9A78FFD41E69DBCF006FEA11 /* MainViewController.swift */,
				9A78FFD61E69F17B006FEA11 /* BasicTableViewCell.swift */,
			);
			name = Login;
			sourceTree = "<group>";
		};
		F0482A3E0FCC37EA6182AA3A /* Pods */ = {
			isa = PBXGroup;
			children = (
				2D11913C4E76AEE249998166 /* Pods-Kaver.debug.xcconfig */,
				DE85D5C9799620C82CB51E6F /* Pods-Kaver.release.xcconfig */,
			);
			name = Pods;
			sourceTree = "<group>";
		};
/* End PBXGroup section */

/* Begin PBXNativeTarget section */
		9A78FFA21E69D715006FEA11 /* Kaver */ = {
			isa = PBXNativeTarget;
			buildConfigurationList = 9A78FFB51E69D715006FEA11 /* Build configuration list for PBXNativeTarget "Kaver" */;
			buildPhases = (
				C2A0F16FB11DE036FBAE9786 /* [CP] Check Pods Manifest.lock */,
				9A78FF9F1E69D715006FEA11 /* Sources */,
				9A78FFA01E69D715006FEA11 /* Frameworks */,
				9A78FFA11E69D715006FEA11 /* Resources */,
				B7986AF5F1578DAE660F7E36 /* [CP] Embed Pods Frameworks */,
				47A30CD03AD45470E9E459CE /* [CP] Copy Pods Resources */,
			);
			buildRules = (
			);
			dependencies = (
			);
			name = Kaver;
			productName = Kaver;
			productReference = 9A78FFA31E69D715006FEA11 /* Kaver.app */;
			productType = "com.apple.product-type.application";
		};
/* End PBXNativeTarget section */

/* Begin PBXProject section */
		9A78FF9B1E69D715006FEA11 /* Project object */ = {
			isa = PBXProject;
			attributes = {
				LastSwiftUpdateCheck = 0820;
				LastUpgradeCheck = 0820;
				ORGANIZATIONNAME = "Marcel Mierzejewski";
				TargetAttributes = {
					9A78FFA21E69D715006FEA11 = {
						CreatedOnToolsVersion = 8.2.1;
						DevelopmentTeam = ABYEABN4N4;
						ProvisioningStyle = Automatic;
					};
				};
			};
			buildConfigurationList = 9A78FF9E1E69D715006FEA11 /* Build configuration list for PBXProject "Kaver" */;
			compatibilityVersion = "Xcode 3.2";
			developmentRegion = English;
			hasScannedForEncodings = 0;
			knownRegions = (
				en,
				Base,
			);
			mainGroup = 9A78FF9A1E69D715006FEA11;
			productRefGroup = 9A78FFA41E69D715006FEA11 /* Products */;
			projectDirPath = "";
			projectRoot = "";
			targets = (
				9A78FFA21E69D715006FEA11 /* Kaver */,
			);
		};
/* End PBXProject section */

/* Begin PBXResourcesBuildPhase section */
		9A78FFA11E69D715006FEA11 /* Resources */ = {
			isa = PBXResourcesBuildPhase;
			buildActionMask = 2147483647;
			files = (
				9A78FFB11E69D715006FEA11 /* LaunchScreen.storyboard in Resources */,
				9A78FFAE1E69D715006FEA11 /* Assets.xcassets in Resources */,
			);
			runOnlyForDeploymentPostprocessing = 0;
		};
/* End PBXResourcesBuildPhase section */

/* Begin PBXShellScriptBuildPhase section */
		47A30CD03AD45470E9E459CE /* [CP] Copy Pods Resources */ = {
			isa = PBXShellScriptBuildPhase;
			buildActionMask = 2147483647;
			files = (
			);
			inputPaths = (
			);
			name = "[CP] Copy Pods Resources";
			outputPaths = (
			);
			runOnlyForDeploymentPostprocessing = 0;
			shellPath = /bin/sh;
			shellScript = "\"${SRCROOT}/Pods/Target Support Files/Pods-Kaver/Pods-Kaver-resources.sh\"\n";
			showEnvVarsInLog = 0;
		};
		B7986AF5F1578DAE660F7E36 /* [CP] Embed Pods Frameworks */ = {
			isa = PBXShellScriptBuildPhase;
			buildActionMask = 2147483647;
			files = (
			);
			inputPaths = (
			);
			name = "[CP] Embed Pods Frameworks";
			outputPaths = (
			);
			runOnlyForDeploymentPostprocessing = 0;
			shellPath = /bin/sh;
			shellScript = "\"${SRCROOT}/Pods/Target Support Files/Pods-Kaver/Pods-Kaver-frameworks.sh\"\n";
			showEnvVarsInLog = 0;
		};
		C2A0F16FB11DE036FBAE9786 /* [CP] Check Pods Manifest.lock */ = {
			isa = PBXShellScriptBuildPhase;
			buildActionMask = 2147483647;
			files = (
			);
			inputPaths = (
			);
			name = "[CP] Check Pods Manifest.lock";
			outputPaths = (
			);
			runOnlyForDeploymentPostprocessing = 0;
			shellPath = /bin/sh;
			shellScript = "diff \"${PODS_ROOT}/../Podfile.lock\" \"${PODS_ROOT}/Manifest.lock\" > /dev/null\nif [ $? != 0 ] ; then\n    # print error to STDERR\n    echo \"error: The sandbox is not in sync with the Podfile.lock. Run 'pod install' or update your CocoaPods installation.\" >&2\n    exit 1\nfi\n";
			showEnvVarsInLog = 0;
		};
/* End PBXShellScriptBuildPhase section */

/* Begin PBXSourcesBuildPhase section */
		9A78FF9F1E69D715006FEA11 /* Sources */ = {
			isa = PBXSourcesBuildPhase;
			buildActionMask = 2147483647;
			files = (
				9A78FFC41E69D92C006FEA11 /* Network.swift in Sources */,
				9A78FFD51E69DBCF006FEA11 /* MainViewController.swift in Sources */,
				9A78FFBC1E69D871006FEA11 /* ExtendedTextField.swift in Sources */,
				9A78FFC81E69D93C006FEA11 /* Configuration.swift in Sources */,
				9A78FFD91E69F481006FEA11 /* ProductModel.swift in Sources */,
				9A78FFC01E69D8A9006FEA11 /* Extensions.swift in Sources */,
				9A78FFCA1E69D943006FEA11 /* Initializers.swift in Sources */,
				9A78FFD71E69F17B006FEA11 /* BasicTableViewCell.swift in Sources */,
				9A78FFC61E69D935006FEA11 /* ErrorHandler.swift in Sources */,
				9A78FFA71E69D715006FEA11 /* AppDelegate.swift in Sources */,
				9A78FFCC1E69D949006FEA11 /* FlowManager.swift in Sources */,
				9A78FFCF1E69D9D8006FEA11 /* LoginViewController.swift in Sources */,
				9A78FFC21E69D921006FEA11 /* Constants.swift in Sources */,
				9A78FFD31E69DAB3006FEA11 /* ExtendedNavigationController.swift in Sources */,
				9A2C58B61E6F1FDC002652F4 /* ProductList.swift in Sources */,
				9A78FFD11E69DA40006FEA11 /* UserModel.swift in Sources */,
			);
			runOnlyForDeploymentPostprocessing = 0;
		};
/* End PBXSourcesBuildPhase section */

/* Begin PBXVariantGroup section */
		9A78FFAF1E69D715006FEA11 /* LaunchScreen.storyboard */ = {
			isa = PBXVariantGroup;
			children = (
				9A78FFB01E69D715006FEA11 /* Base */,
			);
			name = LaunchScreen.storyboard;
			path = Kaver;
			sourceTree = "<group>";
		};
/* End PBXVariantGroup section */

/* Begin XCBuildConfiguration section */
		9A78FFB31E69D715006FEA11 /* Debug */ = {
			isa = XCBuildConfiguration;
			buildSettings = {
				ALWAYS_SEARCH_USER_PATHS = NO;
				CLANG_ANALYZER_NONNULL = YES;
				CLANG_CXX_LANGUAGE_STANDARD = "gnu++0x";
				CLANG_CXX_LIBRARY = "libc++";
				CLANG_ENABLE_MODULES = YES;
				CLANG_ENABLE_OBJC_ARC = YES;
				CLANG_WARN_BOOL_CONVERSION = YES;
				CLANG_WARN_CONSTANT_CONVERSION = YES;
				CLANG_WARN_DIRECT_OBJC_ISA_USAGE = YES_ERROR;
				CLANG_WARN_DOCUMENTATION_COMMENTS = YES;
				CLANG_WARN_EMPTY_BODY = YES;
				CLANG_WARN_ENUM_CONVERSION = YES;
				CLANG_WARN_INFINITE_RECURSION = YES;
				CLANG_WARN_INT_CONVERSION = YES;
				CLANG_WARN_OBJC_ROOT_CLASS = YES_ERROR;
				CLANG_WARN_SUSPICIOUS_MOVE = YES;
				CLANG_WARN_UNREACHABLE_CODE = YES;
				CLANG_WARN__DUPLICATE_METHOD_MATCH = YES;
				"CODE_SIGN_IDENTITY[sdk=iphoneos*]" = "iPhone Developer";
				COPY_PHASE_STRIP = NO;
				DEBUG_INFORMATION_FORMAT = dwarf;
				ENABLE_STRICT_OBJC_MSGSEND = YES;
				ENABLE_TESTABILITY = YES;
				GCC_C_LANGUAGE_STANDARD = gnu99;
				GCC_DYNAMIC_NO_PIC = NO;
				GCC_NO_COMMON_BLOCKS = YES;
				GCC_OPTIMIZATION_LEVEL = 0;
				GCC_PREPROCESSOR_DEFINITIONS = (
					"DEBUG=1",
					"$(inherited)",
				);
				GCC_WARN_64_TO_32_BIT_CONVERSION = YES;
				GCC_WARN_ABOUT_RETURN_TYPE = YES_ERROR;
				GCC_WARN_UNDECLARED_SELECTOR = YES;
				GCC_WARN_UNINITIALIZED_AUTOS = YES_AGGRESSIVE;
				GCC_WARN_UNUSED_FUNCTION = YES;
				GCC_WARN_UNUSED_VARIABLE = YES;
				IPHONEOS_DEPLOYMENT_TARGET = 10.2;
				MTL_ENABLE_DEBUG_INFO = YES;
				ONLY_ACTIVE_ARCH = YES;
				SDKROOT = iphoneos;
				SWIFT_ACTIVE_COMPILATION_CONDITIONS = DEBUG;
				SWIFT_OPTIMIZATION_LEVEL = "-Onone";
			};
			name = Debug;
		};
		9A78FFB41E69D715006FEA11 /* Release */ = {
			isa = XCBuildConfiguration;
			buildSettings = {
				ALWAYS_SEARCH_USER_PATHS = NO;
				CLANG_ANALYZER_NONNULL = YES;
				CLANG_CXX_LANGUAGE_STANDARD = "gnu++0x";
				CLANG_CXX_LIBRARY = "libc++";
				CLANG_ENABLE_MODULES = YES;
				CLANG_ENABLE_OBJC_ARC = YES;
				CLANG_WARN_BOOL_CONVERSION = YES;
				CLANG_WARN_CONSTANT_CONVERSION = YES;
				CLANG_WARN_DIRECT_OBJC_ISA_USAGE = YES_ERROR;
				CLANG_WARN_DOCUMENTATION_COMMENTS = YES;
				CLANG_WARN_EMPTY_BODY = YES;
				CLANG_WARN_ENUM_CONVERSION = YES;
				CLANG_WARN_INFINITE_RECURSION = YES;
				CLANG_WARN_INT_CONVERSION = YES;
				CLANG_WARN_OBJC_ROOT_CLASS = YES_ERROR;
				CLANG_WARN_SUSPICIOUS_MOVE = YES;
				CLANG_WARN_UNREACHABLE_CODE = YES;
				CLANG_WARN__DUPLICATE_METHOD_MATCH = YES;
				"CODE_SIGN_IDENTITY[sdk=iphoneos*]" = "iPhone Developer";
				COPY_PHASE_STRIP = NO;
				DEBUG_INFORMATION_FORMAT = "dwarf-with-dsym";
				ENABLE_NS_ASSERTIONS = NO;
				ENABLE_STRICT_OBJC_MSGSEND = YES;
				GCC_C_LANGUAGE_STANDARD = gnu99;
				GCC_NO_COMMON_BLOCKS = YES;
				GCC_WARN_64_TO_32_BIT_CONVERSION = YES;
				GCC_WARN_ABOUT_RETURN_TYPE = YES_ERROR;
				GCC_WARN_UNDECLARED_SELECTOR = YES;
				GCC_WARN_UNINITIALIZED_AUTOS = YES_AGGRESSIVE;
				GCC_WARN_UNUSED_FUNCTION = YES;
				GCC_WARN_UNUSED_VARIABLE = YES;
				IPHONEOS_DEPLOYMENT_TARGET = 10.2;
				MTL_ENABLE_DEBUG_INFO = NO;
				SDKROOT = iphoneos;
				SWIFT_OPTIMIZATION_LEVEL = "-Owholemodule";
				VALIDATE_PRODUCT = YES;
			};
			name = Release;
		};
		9A78FFB61E69D715006FEA11 /* Debug */ = {
			isa = XCBuildConfiguration;
			baseConfigurationReference = 2D11913C4E76AEE249998166 /* Pods-Kaver.debug.xcconfig */;
			buildSettings = {
				ASSETCATALOG_COMPILER_APPICON_NAME = AppIcon;
				DEVELOPMENT_TEAM = ABYEABN4N4;
				INFOPLIST_FILE = Kaver/Info.plist;
				LD_RUNPATH_SEARCH_PATHS = "$(inherited) @executable_path/Frameworks";
				PRODUCT_BUNDLE_IDENTIFIER = com.software.marcelmierzejewski.Kaver;
				PRODUCT_NAME = "$(TARGET_NAME)";
				SWIFT_VERSION = 3.0;
			};
			name = Debug;
		};
		9A78FFB71E69D715006FEA11 /* Release */ = {
			isa = XCBuildConfiguration;
			baseConfigurationReference = DE85D5C9799620C82CB51E6F /* Pods-Kaver.release.xcconfig */;
			buildSettings = {
				ASSETCATALOG_COMPILER_APPICON_NAME = AppIcon;
				DEVELOPMENT_TEAM = ABYEABN4N4;
				INFOPLIST_FILE = Kaver/Info.plist;
				LD_RUNPATH_SEARCH_PATHS = "$(inherited) @executable_path/Frameworks";
				PRODUCT_BUNDLE_IDENTIFIER = com.software.marcelmierzejewski.Kaver;
				PRODUCT_NAME = "$(TARGET_NAME)";
				SWIFT_VERSION = 3.0;
			};
			name = Release;
		};
/* End XCBuildConfiguration section */

/* Begin XCConfigurationList section */
		9A78FF9E1E69D715006FEA11 /* Build configuration list for PBXProject "Kaver" */ = {
			isa = XCConfigurationList;
			buildConfigurations = (
				9A78FFB31E69D715006FEA11 /* Debug */,
				9A78FFB41E69D715006FEA11 /* Release */,
			);
			defaultConfigurationIsVisible = 0;
			defaultConfigurationName = Release;
		};
		9A78FFB51E69D715006FEA11 /* Build configuration list for PBXNativeTarget "Kaver" */ = {
			isa = XCConfigurationList;
			buildConfigurations = (
				9A78FFB61E69D715006FEA11 /* Debug */,
				9A78FFB71E69D715006FEA11 /* Release */,
			);
			defaultConfigurationIsVisible = 0;
			defaultConfigurationName = Release;
		};
/* End XCConfigurationList section */
	};
	rootObject = 9A78FF9B1E69D715006FEA11 /* Project object */;
}
